
Microsoft Visual Studio Solution File, Format Version 10.00
# Visual Studio 2008
Project("{FAE04EC0-301F-11D3-BF4B-00C04F79EFBC}") = "ZombiesMod", "ZombiesMod.csproj", "{B6B14CCD-28B1-4A77-A31E-D15E18D7587A}"
EndProject
Global
	GlobalSection(SolutionConfigurationPlatforms) = preSolution
		Debug|Any CPU = Debug|Any CPU
		Release|Any CPU = Release|Any CPU
	EndGlobalSection
	GlobalSection(ProjectConfigurationPlatforms) = postSolution
		{B6B14CCD-28B1-4A77-A31E-D15E18D7587A}.Debug|Any CPU.ActiveCfg = Debug|Any CPU
		{B6B14CCD-28B1-4A77-A31E-D15E18D7587A}.Debug|Any CPU.Build.0 = Debug|Any CPU
		{B6B14CCD-28B1-4A77-A31E-D15E18D7587A}.Release|Any CPU.ActiveCfg = Release|Any CPU
		{B6B14CCD-28B1-4A77-A31E-D15E18D7587A}.Release|Any CPU.Build.0 = Release|Any CPU
	EndGlobalSection
	GlobalSection(SolutionProperties) = preSolution
		HideSolutionNode = FALSE
	EndGlobalSection
EndGlobal
